// !$*UTF8*$!
{
	archiveVersion = 1;
	classes = {
	};
	objectVersion = 46;
	objects = {

/* Begin PBXBuildFile section */
		15DC2F321AA3879900E1C26D /* background.png in Resources */ = {isa = PBXBuildFile; fileRef = 15DC2F311AA3879900E1C26D /* background.png */; };
		7729D1B01A965D6000AE22E4 /* main.m in Sources */ = {isa = PBXBuildFile; fileRef = 7729D1AF1A965D6000AE22E4 /* main.m */; };
		7729D1B31A965D6000AE22E4 /* AppDelegate.m in Sources */ = {isa = PBXBuildFile; fileRef = 7729D1B21A965D6000AE22E4 /* AppDelegate.m */; };
		7729D1B61A965D6000AE22E4 /* TouchSynthProject.xcdatamodeld in Sources */ = {isa = PBXBuildFile; fileRef = 7729D1B41A965D6000AE22E4 /* TouchSynthProject.xcdatamodeld */; };
		7729D1BC1A965D6000AE22E4 /* Main.storyboard in Resources */ = {isa = PBXBuildFile; fileRef = 7729D1BA1A965D6000AE22E4 /* Main.storyboard */; };
		7729D1BE1A965D6000AE22E4 /* Images.xcassets in Resources */ = {isa = PBXBuildFile; fileRef = 7729D1BD1A965D6000AE22E4 /* Images.xcassets */; };
		7729D1C11A965D6000AE22E4 /* LaunchScreen.xib in Resources */ = {isa = PBXBuildFile; fileRef = 7729D1BF1A965D6000AE22E4 /* LaunchScreen.xib */; };
		7729D1CD1A965D6000AE22E4 /* TouchSynthProjectTests.m in Sources */ = {isa = PBXBuildFile; fileRef = 7729D1CC1A965D6000AE22E4 /* TouchSynthProjectTests.m */; };
		7729D1D81A965DE400AE22E4 /* ViewController.swift in Sources */ = {isa = PBXBuildFile; fileRef = 7729D1D71A965DE400AE22E4 /* ViewController.swift */; };
		7756FC401AA0C054005A863A /* MusicController.swift in Sources */ = {isa = PBXBuildFile; fileRef = 7756FC3F1AA0C054005A863A /* MusicController.swift */; };
		775CB1991A9D6CC5001A9051 /* demo.pd in Resources */ = {isa = PBXBuildFile; fileRef = 775CB1981A9D6CC5001A9051 /* demo.pd */; };
		775CB19B1A9D6D93001A9051 /* Note.swift in Sources */ = {isa = PBXBuildFile; fileRef = 775CB19A1A9D6D93001A9051 /* Note.swift */; };
		776D8AB21A9EAFC8001F6500 /* MenuBar.swift in Sources */ = {isa = PBXBuildFile; fileRef = 776D8AB11A9EAFC8001F6500 /* MenuBar.swift */; };
		779216381A9AB5D00056465C /* libPods-TouchSynthProject.a in Frameworks */ = {isa = PBXBuildFile; fileRef = 779216371A9AB5D00056465C /* libPods-TouchSynthProject.a */; };
		7792163C1A9ABFDA0056465C /* adsr_obj.pd in Resources */ = {isa = PBXBuildFile; fileRef = 779216391A9ABFDA0056465C /* adsr_obj.pd */; };
		7792163D1A9ABFDA0056465C /* filter.pd in Resources */ = {isa = PBXBuildFile; fileRef = 7792163A1A9ABFDA0056465C /* filter.pd */; };
		7792163E1A9ABFDA0056465C /* proj1.pd in Resources */ = {isa = PBXBuildFile; fileRef = 7792163B1A9ABFDA0056465C /* proj1.pd */; };
/* End PBXBuildFile section */

/* Begin PBXContainerItemProxy section */
		7729D1C71A965D6000AE22E4 /* PBXContainerItemProxy */ = {
			isa = PBXContainerItemProxy;
			containerPortal = 7729D1A21A965D6000AE22E4 /* Project object */;
			proxyType = 1;
			remoteGlobalIDString = 7729D1A91A965D6000AE22E4;
			remoteInfo = TouchSynthProject;
		};
/* End PBXContainerItemProxy section */

/* Begin PBXFileReference section */
		15DC2F311AA3879900E1C26D /* background.png */ = {isa = PBXFileReference; lastKnownFileType = image.png; name = background.png; path = ../background.png; sourceTree = "<group>"; };
		51F3DA2DF8C70DEA1E5557FA /* Pods-TouchSynthProject.release.xcconfig */ = {isa = PBXFileReference; includeInIndex = 1; lastKnownFileType = text.xcconfig; name = "Pods-TouchSynthProject.release.xcconfig"; path = "Pods/Target Support Files/Pods-TouchSynthProject/Pods-TouchSynthProject.release.xcconfig"; sourceTree = "<group>"; };
		7729D1AA1A965D6000AE22E4 /* TouchSynthProject.app */ = {isa = PBXFileReference; explicitFileType = wrapper.application; includeInIndex = 0; path = TouchSynthProject.app; sourceTree = BUILT_PRODUCTS_DIR; };
		7729D1AE1A965D6000AE22E4 /* Info.plist */ = {isa = PBXFileReference; lastKnownFileType = text.plist.xml; path = Info.plist; sourceTree = "<group>"; };
		7729D1AF1A965D6000AE22E4 /* main.m */ = {isa = PBXFileReference; lastKnownFileType = sourcecode.c.objc; path = main.m; sourceTree = "<group>"; };
		7729D1B11A965D6000AE22E4 /* AppDelegate.h */ = {isa = PBXFileReference; lastKnownFileType = sourcecode.c.h; path = AppDelegate.h; sourceTree = "<group>"; };
		7729D1B21A965D6000AE22E4 /* AppDelegate.m */ = {isa = PBXFileReference; lastKnownFileType = sourcecode.c.objc; path = AppDelegate.m; sourceTree = "<group>"; };
		7729D1B51A965D6000AE22E4 /* TouchSynthProject.xcdatamodel */ = {isa = PBXFileReference; lastKnownFileType = wrapper.xcdatamodel; path = TouchSynthProject.xcdatamodel; sourceTree = "<group>"; };
		7729D1BB1A965D6000AE22E4 /* Base */ = {isa = PBXFileReference; lastKnownFileType = file.storyboard; name = Base; path = Base.lproj/Main.storyboard; sourceTree = "<group>"; };
		7729D1BD1A965D6000AE22E4 /* Images.xcassets */ = {isa = PBXFileReference; lastKnownFileType = folder.assetcatalog; path = Images.xcassets; sourceTree = "<group>"; };
		7729D1C01A965D6000AE22E4 /* Base */ = {isa = PBXFileReference; lastKnownFileType = file.xib; name = Base; path = Base.lproj/LaunchScreen.xib; sourceTree = "<group>"; };
		7729D1C61A965D6000AE22E4 /* TouchSynthProjectTests.xctest */ = {isa = PBXFileReference; explicitFileType = wrapper.cfbundle; includeInIndex = 0; path = TouchSynthProjectTests.xctest; sourceTree = BUILT_PRODUCTS_DIR; };
		7729D1CB1A965D6000AE22E4 /* Info.plist */ = {isa = PBXFileReference; lastKnownFileType = text.plist.xml; path = Info.plist; sourceTree = "<group>"; };
		7729D1CC1A965D6000AE22E4 /* TouchSynthProjectTests.m */ = {isa = PBXFileReference; lastKnownFileType = sourcecode.c.objc; path = TouchSynthProjectTests.m; sourceTree = "<group>"; };
		7729D1D61A965DE400AE22E4 /* TouchSynthProject-Bridging-Header.h */ = {isa = PBXFileReference; lastKnownFileType = sourcecode.c.h; path = "TouchSynthProject-Bridging-Header.h"; sourceTree = "<group>"; };
		7729D1D71A965DE400AE22E4 /* ViewController.swift */ = {isa = PBXFileReference; fileEncoding = 4; lastKnownFileType = sourcecode.swift; name = ViewController.swift; path = ../ViewController.swift; sourceTree = "<group>"; };
		7756FC3F1AA0C054005A863A /* MusicController.swift */ = {isa = PBXFileReference; fileEncoding = 4; lastKnownFileType = sourcecode.swift; path = MusicController.swift; sourceTree = "<group>"; };
		775CB1981A9D6CC5001A9051 /* demo.pd */ = {isa = PBXFileReference; lastKnownFileType = text; name = demo.pd; path = TouchSynthProject/demo.pd; sourceTree = "<group>"; };
		775CB19A1A9D6D93001A9051 /* Note.swift */ = {isa = PBXFileReference; fileEncoding = 4; lastKnownFileType = sourcecode.swift; path = Note.swift; sourceTree = SOURCE_ROOT; };
		776D8AB11A9EAFC8001F6500 /* MenuBar.swift */ = {isa = PBXFileReference; fileEncoding = 4; lastKnownFileType = sourcecode.swift; path = MenuBar.swift; sourceTree = SOURCE_ROOT; };
		779216331A9AB58D0056465C /* libPods-TouchSynthProject-libpd.a */ = {isa = PBXFileReference; lastKnownFileType = archive.ar; name = "libPods-TouchSynthProject-libpd.a"; path = "Pods/build/Debug-iphoneos/libPods-TouchSynthProject-libpd.a"; sourceTree = "<group>"; };
		779216351A9AB5960056465C /* libPods-TouchSynthProject.a */ = {isa = PBXFileReference; lastKnownFileType = archive.ar; name = "libPods-TouchSynthProject.a"; path = "Pods/build/Debug-iphoneos/libPods-TouchSynthProject.a"; sourceTree = "<group>"; };
		779216371A9AB5D00056465C /* libPods-TouchSynthProject.a */ = {isa = PBXFileReference; lastKnownFileType = archive.ar; name = "libPods-TouchSynthProject.a"; path = "Pods/build/Debug-iphoneos/libPods-TouchSynthProject.a"; sourceTree = "<group>"; };
		779216391A9ABFDA0056465C /* adsr_obj.pd */ = {isa = PBXFileReference; lastKnownFileType = text; name = adsr_obj.pd; path = TouchSynthProject/adsr_obj.pd; sourceTree = "<group>"; };
		7792163A1A9ABFDA0056465C /* filter.pd */ = {isa = PBXFileReference; lastKnownFileType = text; name = filter.pd; path = TouchSynthProject/filter.pd; sourceTree = "<group>"; };
		7792163B1A9ABFDA0056465C /* proj1.pd */ = {isa = PBXFileReference; lastKnownFileType = text; name = proj1.pd; path = TouchSynthProject/proj1.pd; sourceTree = "<group>"; };
		EF2C7B711CDE64CA1AA5CF74 /* Pods-TouchSynthProject.debug.xcconfig */ = {isa = PBXFileReference; includeInIndex = 1; lastKnownFileType = text.xcconfig; name = "Pods-TouchSynthProject.debug.xcconfig"; path = "Pods/Target Support Files/Pods-TouchSynthProject/Pods-TouchSynthProject.debug.xcconfig"; sourceTree = "<group>"; };
/* End PBXFileReference section */

/* Begin PBXFrameworksBuildPhase section */
		7729D1A71A965D6000AE22E4 /* Frameworks */ = {
			isa = PBXFrameworksBuildPhase;
			buildActionMask = 2147483647;
			files = (
				779216381A9AB5D00056465C /* libPods-TouchSynthProject.a in Frameworks */,
			);
			runOnlyForDeploymentPostprocessing = 0;
		};
		7729D1C31A965D6000AE22E4 /* Frameworks */ = {
			isa = PBXFrameworksBuildPhase;
			buildActionMask = 2147483647;
			files = (
			);
			runOnlyForDeploymentPostprocessing = 0;
		};
/* End PBXFrameworksBuildPhase section */

/* Begin PBXGroup section */
		7729D1A11A965D6000AE22E4 = {
			isa = PBXGroup;
			children = (
				15DC2F311AA3879900E1C26D /* background.png */,
				775CB1981A9D6CC5001A9051 /* demo.pd */,
				779216391A9ABFDA0056465C /* adsr_obj.pd */,
				7792163A1A9ABFDA0056465C /* filter.pd */,
				7792163B1A9ABFDA0056465C /* proj1.pd */,
				779216371A9AB5D00056465C /* libPods-TouchSynthProject.a */,
				779216351A9AB5960056465C /* libPods-TouchSynthProject.a */,
				779216331A9AB58D0056465C /* libPods-TouchSynthProject-libpd.a */,
				7729D1AC1A965D6000AE22E4 /* TouchSynthProject */,
				7729D1C91A965D6000AE22E4 /* TouchSynthProjectTests */,
				7729D1AB1A965D6000AE22E4 /* Products */,
				7729D1D61A965DE400AE22E4 /* TouchSynthProject-Bridging-Header.h */,
				DF403E185242402FDFF095EA /* Pods */,
			);
			sourceTree = "<group>";
		};
		7729D1AB1A965D6000AE22E4 /* Products */ = {
			isa = PBXGroup;
			children = (
				7729D1AA1A965D6000AE22E4 /* TouchSynthProject.app */,
				7729D1C61A965D6000AE22E4 /* TouchSynthProjectTests.xctest */,
			);
			name = Products;
			sourceTree = "<group>";
		};
		7729D1AC1A965D6000AE22E4 /* TouchSynthProject */ = {
			isa = PBXGroup;
			children = (
				7729D1D71A965DE400AE22E4 /* ViewController.swift */,
				7729D1B11A965D6000AE22E4 /* AppDelegate.h */,
				7729D1B21A965D6000AE22E4 /* AppDelegate.m */,
				7729D1BA1A965D6000AE22E4 /* Main.storyboard */,
				7729D1BD1A965D6000AE22E4 /* Images.xcassets */,
				7729D1BF1A965D6000AE22E4 /* LaunchScreen.xib */,
				7729D1B41A965D6000AE22E4 /* TouchSynthProject.xcdatamodeld */,
				7729D1AD1A965D6000AE22E4 /* Supporting Files */,
				775CB19A1A9D6D93001A9051 /* Note.swift */,
				776D8AB11A9EAFC8001F6500 /* MenuBar.swift */,
				7756FC3F1AA0C054005A863A /* MusicController.swift */,
			);
			path = TouchSynthProject;
			sourceTree = "<group>";
		};
		7729D1AD1A965D6000AE22E4 /* Supporting Files */ = {
			isa = PBXGroup;
			children = (
				7729D1AE1A965D6000AE22E4 /* Info.plist */,
				7729D1AF1A965D6000AE22E4 /* main.m */,
			);
			name = "Supporting Files";
			sourceTree = "<group>";
		};
		7729D1C91A965D6000AE22E4 /* TouchSynthProjectTests */ = {
			isa = PBXGroup;
			children = (
				7729D1CC1A965D6000AE22E4 /* TouchSynthProjectTests.m */,
				7729D1CA1A965D6000AE22E4 /* Supporting Files */,
			);
			path = TouchSynthProjectTests;
			sourceTree = "<group>";
		};
		7729D1CA1A965D6000AE22E4 /* Supporting Files */ = {
			isa = PBXGroup;
			children = (
				7729D1CB1A965D6000AE22E4 /* Info.plist */,
			);
			name = "Supporting Files";
			sourceTree = "<group>";
		};
		DF403E185242402FDFF095EA /* Pods */ = {
			isa = PBXGroup;
			children = (
				EF2C7B711CDE64CA1AA5CF74 /* Pods-TouchSynthProject.debug.xcconfig */,
				51F3DA2DF8C70DEA1E5557FA /* Pods-TouchSynthProject.release.xcconfig */,
			);
			name = Pods;
			sourceTree = "<group>";
		};
/* End PBXGroup section */

/* Begin PBXNativeTarget section */
		7729D1A91A965D6000AE22E4 /* TouchSynthProject */ = {
			isa = PBXNativeTarget;
			buildConfigurationList = 7729D1D01A965D6000AE22E4 /* Build configuration list for PBXNativeTarget "TouchSynthProject" */;
			buildPhases = (
				7729D1A61A965D6000AE22E4 /* Sources */,
				7729D1A71A965D6000AE22E4 /* Frameworks */,
				7729D1A81A965D6000AE22E4 /* Resources */,
			);
			buildRules = (
			);
			dependencies = (
			);
			name = TouchSynthProject;
			productName = TouchSynthProject;
			productReference = 7729D1AA1A965D6000AE22E4 /* TouchSynthProject.app */;
			productType = "com.apple.product-type.application";
		};
		7729D1C51A965D6000AE22E4 /* TouchSynthProjectTests */ = {
			isa = PBXNativeTarget;
			buildConfigurationList = 7729D1D31A965D6000AE22E4 /* Build configuration list for PBXNativeTarget "TouchSynthProjectTests" */;
			buildPhases = (
				7729D1C21A965D6000AE22E4 /* Sources */,
				7729D1C31A965D6000AE22E4 /* Frameworks */,
				7729D1C41A965D6000AE22E4 /* Resources */,
			);
			buildRules = (
			);
			dependencies = (
				7729D1C81A965D6000AE22E4 /* PBXTargetDependency */,
			);
			name = TouchSynthProjectTests;
			productName = TouchSynthProjectTests;
			productReference = 7729D1C61A965D6000AE22E4 /* TouchSynthProjectTests.xctest */;
			productType = "com.apple.product-type.bundle.unit-test";
		};
/* End PBXNativeTarget section */

/* Begin PBXProject section */
		7729D1A21A965D6000AE22E4 /* Project object */ = {
			isa = PBXProject;
			attributes = {
				LastUpgradeCheck = 0610;
				ORGANIZATIONNAME = Comp150;
				TargetAttributes = {
					7729D1A91A965D6000AE22E4 = {
						CreatedOnToolsVersion = 6.1.1;
					};
					7729D1C51A965D6000AE22E4 = {
						CreatedOnToolsVersion = 6.1.1;
						TestTargetID = 7729D1A91A965D6000AE22E4;
					};
				};
			};
			buildConfigurationList = 7729D1A51A965D6000AE22E4 /* Build configuration list for PBXProject "TouchSynthProject" */;
			compatibilityVersion = "Xcode 3.2";
			developmentRegion = English;
			hasScannedForEncodings = 0;
			knownRegions = (
				en,
				Base,
			);
			mainGroup = 7729D1A11A965D6000AE22E4;
			productRefGroup = 7729D1AB1A965D6000AE22E4 /* Products */;
			projectDirPath = "";
			projectRoot = "";
			targets = (
				7729D1A91A965D6000AE22E4 /* TouchSynthProject */,
				7729D1C51A965D6000AE22E4 /* TouchSynthProjectTests */,
			);
		};
/* End PBXProject section */

/* Begin PBXResourcesBuildPhase section */
		7729D1A81A965D6000AE22E4 /* Resources */ = {
			isa = PBXResourcesBuildPhase;
			buildActionMask = 2147483647;
			files = (
				775CB1991A9D6CC5001A9051 /* demo.pd in Resources */,
				15DC2F321AA3879900E1C26D /* background.png in Resources */,
				7792163C1A9ABFDA0056465C /* adsr_obj.pd in Resources */,
				7792163D1A9ABFDA0056465C /* filter.pd in Resources */,
				7792163E1A9ABFDA0056465C /* proj1.pd in Resources */,
				7729D1BC1A965D6000AE22E4 /* Main.storyboard in Resources */,
				7729D1C11A965D6000AE22E4 /* LaunchScreen.xib in Resources */,
				7729D1BE1A965D6000AE22E4 /* Images.xcassets in Resources */,
			);
			runOnlyForDeploymentPostprocessing = 0;
		};
		7729D1C41A965D6000AE22E4 /* Resources */ = {
			isa = PBXResourcesBuildPhase;
			buildActionMask = 2147483647;
			files = (
			);
			runOnlyForDeploymentPostprocessing = 0;
		};
/* End PBXResourcesBuildPhase section */

/* Begin PBXSourcesBuildPhase section */
		7729D1A61A965D6000AE22E4 /* Sources */ = {
			isa = PBXSourcesBuildPhase;
			buildActionMask = 2147483647;
			files = (
				775CB19B1A9D6D93001A9051 /* Note.swift in Sources */,
				7729D1B31A965D6000AE22E4 /* AppDelegate.m in Sources */,
				776D8AB21A9EAFC8001F6500 /* MenuBar.swift in Sources */,
				7729D1B01A965D6000AE22E4 /* main.m in Sources */,
				7756FC401AA0C054005A863A /* MusicController.swift in Sources */,
				7729D1D81A965DE400AE22E4 /* ViewController.swift in Sources */,
				7729D1B61A965D6000AE22E4 /* TouchSynthProject.xcdatamodeld in Sources */,
			);
			runOnlyForDeploymentPostprocessing = 0;
		};
		7729D1C21A965D6000AE22E4 /* Sources */ = {
			isa = PBXSourcesBuildPhase;
			buildActionMask = 2147483647;
			files = (
				7729D1CD1A965D6000AE22E4 /* TouchSynthProjectTests.m in Sources */,
			);
			runOnlyForDeploymentPostprocessing = 0;
		};
/* End PBXSourcesBuildPhase section */

/* Begin PBXTargetDependency section */
		7729D1C81A965D6000AE22E4 /* PBXTargetDependency */ = {
			isa = PBXTargetDependency;
			target = 7729D1A91A965D6000AE22E4 /* TouchSynthProject */;
			targetProxy = 7729D1C71A965D6000AE22E4 /* PBXContainerItemProxy */;
		};
/* End PBXTargetDependency section */

/* Begin PBXVariantGroup section */
		7729D1BA1A965D6000AE22E4 /* Main.storyboard */ = {
			isa = PBXVariantGroup;
			children = (
				7729D1BB1A965D6000AE22E4 /* Base */,
			);
			name = Main.storyboard;
			sourceTree = "<group>";
		};
		7729D1BF1A965D6000AE22E4 /* LaunchScreen.xib */ = {
			isa = PBXVariantGroup;
			children = (
				7729D1C01A965D6000AE22E4 /* Base */,
			);
			name = LaunchScreen.xib;
			sourceTree = "<group>";
		};
/* End PBXVariantGroup section */

/* Begin XCBuildConfiguration section */
		7729D1CE1A965D6000AE22E4 /* Debug */ = {
			isa = XCBuildConfiguration;
			buildSettings = {
				ALWAYS_SEARCH_USER_PATHS = NO;
				CLANG_CXX_LANGUAGE_STANDARD = "gnu++0x";
				CLANG_CXX_LIBRARY = "libc++";
				CLANG_ENABLE_MODULES = YES;
				CLANG_ENABLE_OBJC_ARC = YES;
				CLANG_WARN_BOOL_CONVERSION = YES;
				CLANG_WARN_CONSTANT_CONVERSION = YES;
				CLANG_WARN_DIRECT_OBJC_ISA_USAGE = YES_ERROR;
				CLANG_WARN_EMPTY_BODY = YES;
				CLANG_WARN_ENUM_CONVERSION = YES;
				CLANG_WARN_INT_CONVERSION = YES;
				CLANG_WARN_OBJC_ROOT_CLASS = YES_ERROR;
				CLANG_WARN_UNREACHABLE_CODE = YES;
				CLANG_WARN__DUPLICATE_METHOD_MATCH = YES;
				"CODE_SIGN_IDENTITY[sdk=iphoneos*]" = "iPhone Developer";
				COPY_PHASE_STRIP = NO;
				ENABLE_STRICT_OBJC_MSGSEND = YES;
				GCC_C_LANGUAGE_STANDARD = gnu99;
				GCC_DYNAMIC_NO_PIC = NO;
				GCC_OPTIMIZATION_LEVEL = 0;
				GCC_PREPROCESSOR_DEFINITIONS = (
					"DEBUG=1",
					"$(inherited)",
				);
				GCC_SYMBOLS_PRIVATE_EXTERN = NO;
				GCC_WARN_64_TO_32_BIT_CONVERSION = YES;
				GCC_WARN_ABOUT_RETURN_TYPE = YES_ERROR;
				GCC_WARN_UNDECLARED_SELECTOR = YES;
				GCC_WARN_UNINITIALIZED_AUTOS = YES_AGGRESSIVE;
				GCC_WARN_UNUSED_FUNCTION = YES;
				GCC_WARN_UNUSED_VARIABLE = YES;
				IPHONEOS_DEPLOYMENT_TARGET = 8.1;
				MTL_ENABLE_DEBUG_INFO = YES;
				ONLY_ACTIVE_ARCH = YES;
				SDKROOT = iphoneos;
				TARGETED_DEVICE_FAMILY = "1,2";
			};
			name = Debug;
		};
		7729D1CF1A965D6000AE22E4 /* Release */ = {
			isa = XCBuildConfiguration;
			buildSettings = {
				ALWAYS_SEARCH_USER_PATHS = NO;
				CLANG_CXX_LANGUAGE_STANDARD = "gnu++0x";
				CLANG_CXX_LIBRARY = "libc++";
				CLANG_ENABLE_MODULES = YES;
				CLANG_ENABLE_OBJC_ARC = YES;
				CLANG_WARN_BOOL_CONVERSION = YES;
				CLANG_WARN_CONSTANT_CONVERSION = YES;
				CLANG_WARN_DIRECT_OBJC_ISA_USAGE = YES_ERROR;
				CLANG_WARN_EMPTY_BODY = YES;
				CLANG_WARN_ENUM_CONVERSION = YES;
				CLANG_WARN_INT_CONVERSION = YES;
				CLANG_WARN_OBJC_ROOT_CLASS = YES_ERROR;
				CLANG_WARN_UNREACHABLE_CODE = YES;
				CLANG_WARN__DUPLICATE_METHOD_MATCH = YES;
				"CODE_SIGN_IDENTITY[sdk=iphoneos*]" = "iPhone Developer";
				COPY_PHASE_STRIP = YES;
				ENABLE_NS_ASSERTIONS = NO;
				ENABLE_STRICT_OBJC_MSGSEND = YES;
				GCC_C_LANGUAGE_STANDARD = gnu99;
				GCC_WARN_64_TO_32_BIT_CONVERSION = YES;
				GCC_WARN_ABOUT_RETURN_TYPE = YES_ERROR;
				GCC_WARN_UNDECLARED_SELECTOR = YES;
				GCC_WARN_UNINITIALIZED_AUTOS = YES_AGGRESSIVE;
				GCC_WARN_UNUSED_FUNCTION = YES;
				GCC_WARN_UNUSED_VARIABLE = YES;
				IPHONEOS_DEPLOYMENT_TARGET = 8.1;
				MTL_ENABLE_DEBUG_INFO = NO;
				SDKROOT = iphoneos;
				TARGETED_DEVICE_FAMILY = "1,2";
				VALIDATE_PRODUCT = YES;
			};
			name = Release;
		};
		7729D1D11A965D6000AE22E4 /* Debug */ = {
			isa = XCBuildConfiguration;
			baseConfigurationReference = EF2C7B711CDE64CA1AA5CF74 /* Pods-TouchSynthProject.debug.xcconfig */;
			buildSettings = {
				ASSETCATALOG_COMPILER_APPICON_NAME = AppIcon;
				CLANG_ENABLE_MODULES = YES;
				INFOPLIST_FILE = TouchSynthProject/Info.plist;
				LD_RUNPATH_SEARCH_PATHS = "$(inherited) @executable_path/Frameworks";
				LIBRARY_SEARCH_PATHS = (
					"$(inherited)",
					"$(PROJECT_DIR)/Pods/build/Debug-iphoneos",
				);
				PRODUCT_NAME = "$(TARGET_NAME)";
				SWIFT_OBJC_BRIDGING_HEADER = "TouchSynthProject-Bridging-Header.h";
				SWIFT_OPTIMIZATION_LEVEL = "-Onone";
			};
			name = Debug;
		};
		7729D1D21A965D6000AE22E4 /* Release */ = {
			isa = XCBuildConfiguration;
			baseConfigurationReference = 51F3DA2DF8C70DEA1E5557FA /* Pods-TouchSynthProject.release.xcconfig */;
			buildSettings = {
				ASSETCATALOG_COMPILER_APPICON_NAME = AppIcon;
				CLANG_ENABLE_MODULES = YES;
				INFOPLIST_FILE = TouchSynthProject/Info.plist;
				LD_RUNPATH_SEARCH_PATHS = "$(inherited) @executable_path/Frameworks";
				LIBRARY_SEARCH_PATHS = (
					"$(inherited)",
					"$(PROJECT_DIR)/Pods/build/Debug-iphoneos",
				);
				PRODUCT_NAME = "$(TARGET_NAME)";
				SWIFT_OBJC_BRIDGING_HEADER = "TouchSynthProject-Bridging-Header.h";
			};
			name = Release;
		};
		7729D1D41A965D6000AE22E4 /* Debug */ = {
			isa = XCBuildConfiguration;
			buildSettings = {
				BUNDLE_LOADER = "$(TEST_HOST)";
				FRAMEWORK_SEARCH_PATHS = (
					"$(SDKROOT)/Developer/Library/Frameworks",
					"$(inherited)",
				);
				GCC_PREPROCESSOR_DEFINITIONS = (
					"DEBUG=1",
					"$(inherited)",
				);
				INFOPLIST_FILE = TouchSynthProjectTests/Info.plist;
				LD_RUNPATH_SEARCH_PATHS = "$(inherited) @executable_path/Frameworks @loader_path/Frameworks";
				PRODUCT_NAME = "$(TARGET_NAME)";
				TEST_HOST = "$(BUILT_PRODUCTS_DIR)/TouchSynthProject.app/TouchSynthProject";
			};
			name = Debug;
		};
		7729D1D51A965D6000AE22E4 /* Release */ = {
			isa = XCBuildConfiguration;
			buildSettings = {
				BUNDLE_LOADER = "$(TEST_HOST)";
				FRAMEWORK_SEARCH_PATHS = (
					"$(SDKROOT)/Developer/Library/Frameworks",
					"$(inherited)",
				);
				INFOPLIST_FILE = TouchSynthProjectTests/Info.plist;
				LD_RUNPATH_SEARCH_PATHS = "$(inherited) @executable_path/Frameworks @loader_path/Frameworks";
				PRODUCT_NAME = "$(TARGET_NAME)";
				TEST_HOST = "$(BUILT_PRODUCTS_DIR)/TouchSynthProject.app/TouchSynthProject";
			};
			name = Release;
		};
/* End XCBuildConfiguration section */

/* Begin XCConfigurationList section */
		7729D1A51A965D6000AE22E4 /* Build configuration list for PBXProject "TouchSynthProject" */ = {
			isa = XCConfigurationList;
			buildConfigurations = (
				7729D1CE1A965D6000AE22E4 /* Debug */,
				7729D1CF1A965D6000AE22E4 /* Release */,
			);
			defaultConfigurationIsVisible = 0;
			defaultConfigurationName = Release;
		};
		7729D1D01A965D6000AE22E4 /* Build configuration list for PBXNativeTarget "TouchSynthProject" */ = {
			isa = XCConfigurationList;
			buildConfigurations = (
				7729D1D11A965D6000AE22E4 /* Debug */,
				7729D1D21A965D6000AE22E4 /* Release */,
			);
			defaultConfigurationIsVisible = 0;
			defaultConfigurationName = Release;
		};
		7729D1D31A965D6000AE22E4 /* Build configuration list for PBXNativeTarget "TouchSynthProjectTests" */ = {
			isa = XCConfigurationList;
			buildConfigurations = (
				7729D1D41A965D6000AE22E4 /* Debug */,
				7729D1D51A965D6000AE22E4 /* Release */,
			);
			defaultConfigurationIsVisible = 0;
			defaultConfigurationName = Release;
		};
/* End XCConfigurationList section */

/* Begin XCVersionGroup section */
		7729D1B41A965D6000AE22E4 /* TouchSynthProject.xcdatamodeld */ = {
			isa = XCVersionGroup;
			children = (
				7729D1B51A965D6000AE22E4 /* TouchSynthProject.xcdatamodel */,
			);
			currentVersion = 7729D1B51A965D6000AE22E4 /* TouchSynthProject.xcdatamodel */;
			path = TouchSynthProject.xcdatamodeld;
			sourceTree = "<group>";
			versionGroupType = wrapper.xcdatamodel;
		};
/* End XCVersionGroup section */
	};
	rootObject = 7729D1A21A965D6000AE22E4 /* Project object */;
}
